lockfile_version: '1'
generated_at: '2026-06-22T16:32:41.335569+00:00'
apm_version: 0.21.0
dependencies:
- repo_url: Jeffallan/claude-skills
  host: github.com
  resolved_commit: e8be415bc94d8d6ebddc2fb50e5d03c6e27d4319
  virtual_path: skills/game-developer
  is_virtual: true
  package_type: claude_skill
  deployed_files:
  - .claude/skills/game-developer
  - .claude/skills/game-developer/SKILL.md
  - .claude/skills/game-developer/references/ecs-patterns.md
  - .claude/skills/game-developer/references/multiplayer-networking.md
  - .claude/skills/game-developer/references/performance-optimization.md
  - .claude/skills/game-developer/references/unity-patterns.md
  - .claude/skills/game-developer/references/unreal-cpp.md
  deployed_file_hashes:
    .claude/skills/game-developer/SKILL.md: sha256:89297efd2a6ba43237bd711d41d5d8bc50241954fe535d413bc08a1c345bc176
    .claude/skills/game-developer/references/ecs-patterns.md: sha256:5ef2de275b32bcf78a215ac09e101e70c06d5bb64e2577dc61fba811950a49c6
    .claude/skills/game-developer/references/multiplayer-networking.md: sha256:10c22a22749041b99f09a4e365dadbe6e58fc1b56c90407960bb466aa2de8611
    .claude/skills/game-developer/references/performance-optimization.md: sha256:57ce6a6de9b66f4ab5b2b7bd7349fa6694e5eb641e5a94bcf80e1351ad4fd4ed
    .claude/skills/game-developer/references/unity-patterns.md: sha256:0f8b0ffada2a9e997c7db40cc472babf30c670514f01441c3dbd2f25a573fefc
    .claude/skills/game-developer/references/unreal-cpp.md: sha256:b41b68aa1dba6635924a909c4d749ae199bd6ac8fed263598163c9bbbce807e6
  content_hash: sha256:0138b2d8042f0c56a740a8b46ffc8e5864879846c7e25ef7317f47237fc56cce
local_deployed_files:
- .claude/agents/game-developer.md
- .claude/commands/implement-game-system.md
- .claude/commands/performance-audit.md
- .claude/rules/game-performance.md
local_deployed_file_hashes:
  .claude/agents/game-developer.md: sha256:5fd67c2cc2f79e2b7aea29ae85b9976b3b7b12bed4b19d1b1db5eae025c3d1e1
  .claude/commands/implement-game-system.md: sha256:dc4e021b6a903bcfe6d88db72f9707b6249b12ed9c6b2788a6f0303aa0d975f5
  .claude/commands/performance-audit.md: sha256:42fd1b8f2fac0426618ace5044b0943abe1dd6e15c285bb67d543ecbc6750566
  .claude/rules/game-performance.md: sha256:05fd8d8486c7fb7c6b168cb17d56a7c189b6d70deb10ccb670e0605eff74c354
